
Microsoft Visual Studio Solution File, Format Version 12.00
# Visual Studio 2013
VisualStudioVersion = 12.0.21005.1
MinimumVisualStudioVersion = 10.0.40219.1
Project("{FAE04EC0-301F-11D3-BF4B-00C04F79EFBC}") = "Lib.Core", "Lib.Core\Lib.Core.csproj", "{65839F36-193A-41D1-9E79-38BC84984DE6}"
EndProject
Project("{FAE04EC0-301F-11D3-BF4B-00C04F79EFBC}") = "Lib.Data", "Lib.Data\Lib.Data.csproj", "{442C318F-9D99-4A3F-972E-33E8A8C8BE51}"
EndProject
Project("{FAE04EC0-301F-11D3-BF4B-00C04F79EFBC}") = "Lib.Web", "Lib.Web\Lib.Web.csproj", "{9E21A44D-17EB-44F4-A936-27B41CA565FE}"
EndProject
Global
	GlobalSection(SolutionConfigurationPlatforms) = preSolution
		Debug|Any CPU = Debug|Any CPU
		Release|Any CPU = Release|Any CPU
	EndGlobalSection
	GlobalSection(ProjectConfigurationPlatforms) = postSolution
		{65839F36-193A-41D1-9E79-38BC84984DE6}.Debug|Any CPU.ActiveCfg = Debug|Any CPU
		{65839F36-193A-41D1-9E79-38BC84984DE6}.Debug|Any CPU.Build.0 = Debug|Any CPU
		{65839F36-193A-41D1-9E79-38BC84984DE6}.Release|Any CPU.ActiveCfg = Release|Any CPU
		{65839F36-193A-41D1-9E79-38BC84984DE6}.Release|Any CPU.Build.0 = Release|Any CPU
		{442C318F-9D99-4A3F-972E-33E8A8C8BE51}.Debug|Any CPU.ActiveCfg = Debug|Any CPU
		{442C318F-9D99-4A3F-972E-33E8A8C8BE51}.Debug|Any CPU.Build.0 = Debug|Any CPU
		{442C318F-9D99-4A3F-972E-33E8A8C8BE51}.Release|Any CPU.ActiveCfg = Release|Any CPU
		{442C318F-9D99-4A3F-972E-33E8A8C8BE51}.Release|Any CPU.Build.0 = Release|Any CPU
		{9E21A44D-17EB-44F4-A936-27B41CA565FE}.Debug|Any CPU.ActiveCfg = Debug|Any CPU
		{9E21A44D-17EB-44F4-A936-27B41CA565FE}.Debug|Any CPU.Build.0 = Debug|Any CPU
		{9E21A44D-17EB-44F4-A936-27B41CA565FE}.Release|Any CPU.ActiveCfg = Release|Any CPU
		{9E21A44D-17EB-44F4-A936-27B41CA565FE}.Release|Any CPU.Build.0 = Release|Any CPU
	EndGlobalSection
	GlobalSection(SolutionProperties) = preSolution
		HideSolutionNode = FALSE
	EndGlobalSection
EndGlobal
